
Microsoft Visual Studio Solution File, Format Version 12.00
# Visual Studio Version 17
VisualStudioVersion = 17.0.32014.148
MinimumVisualStudioVersion = 10.0.40219.1
Project("{FAE04EC0-301F-11D3-BF4B-00C04F79EFBC}") = "StaffReservation", "StaffReservation.csproj", "{56AFF4F4-E21C-4BD1-869A-0F9309B5F8CC}"
EndProject
Global
	GlobalSection(SolutionConfigurationPlatforms) = preSolution
		Debug|Any CPU = Debug|Any CPU
		Debug|x64 = Debug|x64
		Release|Any CPU = Release|Any CPU
		Release|x64 = Release|x64
	EndGlobalSection
	GlobalSection(ProjectConfigurationPlatforms) = postSolution
		{56AFF4F4-E21C-4BD1-869A-0F9309B5F8CC}.Debug|Any CPU.ActiveCfg = Debug|Any CPU
		{56AFF4F4-E21C-4BD1-869A-0F9309B5F8CC}.Debug|Any CPU.Build.0 = Debug|Any CPU
		{56AFF4F4-E21C-4BD1-869A-0F9309B5F8CC}.Debug|x64.ActiveCfg = Debug|x64
		{56AFF4F4-E21C-4BD1-869A-0F9309B5F8CC}.Debug|x64.Build.0 = Debug|x64
		{56AFF4F4-E21C-4BD1-869A-0F9309B5F8CC}.Release|Any CPU.ActiveCfg = Release|Any CPU
		{56AFF4F4-E21C-4BD1-869A-0F9309B5F8CC}.Release|Any CPU.Build.0 = Release|Any CPU
		{56AFF4F4-E21C-4BD1-869A-0F9309B5F8CC}.Release|x64.ActiveCfg = Release|x64
		{56AFF4F4-E21C-4BD1-869A-0F9309B5F8CC}.Release|x64.Build.0 = Release|x64
	EndGlobalSection
	GlobalSection(SolutionProperties) = preSolution
		HideSolutionNode = FALSE
	EndGlobalSection
	GlobalSection(ExtensibilityGlobals) = postSolution
		SolutionGuid = {A210D388-728A-46FF-AC9E-8C1951F03395}
	EndGlobalSection
EndGlobal
